{
  "lockfile_version": "1",
  "packages": {
    "bat@latest": {
      "last_modified": "2024-07-24T00:53:51Z",
      "resolved": "github:NixOS/nixpkgs/4f02464258baaf54992debfd010a7a3662a25536#bat",
      "source": "devbox-search",
      "version": "0.24.0",
      "systems": {
        "aarch64-darwin": {
          "outputs": [
            {
              "name": "out",
              "path": "/nix/store/prk010cj8rqhwl4zcy4xsdr6my7xrxff-bat-0.24.0",
              "default": true
            }
          ],
          "store_path": "/nix/store/prk010cj8rqhwl4zcy4xsdr6my7xrxff-bat-0.24.0"
        },
        "aarch64-linux": {
          "outputs": [
            {
              "name": "out",
              "path": "/nix/store/h2j4dy50r2wn82vlykjcly7bh97vh2wa-bat-0.24.0",
              "default": true
            }
          ],
          "store_path": "/nix/store/h2j4dy50r2wn82vlykjcly7bh97vh2wa-bat-0.24.0"
        },
        "x86_64-darwin": {
          "outputs": [
            {
              "name": "out",
              "path": "/nix/store/nz5ljy5vfgkkqvkc8llrnpkv7gs2rs6k-bat-0.24.0",
              "default": true
            }
          ],
          "store_path": "/nix/store/nz5ljy5vfgkkqvkc8llrnpkv7gs2rs6k-bat-0.24.0"
        },
        "x86_64-linux": {
          "outputs": [
            {
              "name": "out",
              "path": "/nix/store/v0nq16qp8x4iy068xhhhs2n9c1rnb785-bat-0.24.0",
              "default": true
            }
          ],
          "store_path": "/nix/store/v0nq16qp8x4iy068xhhhs2n9c1rnb785-bat-0.24.0"
        }
      }
    },
    "crossplane-cli@1.16.0": {
      "last_modified": "2024-07-07T07:43:47Z",
      "resolved": "github:NixOS/nixpkgs/b60793b86201040d9dee019a05089a9150d08b5b#crossplane-cli",
      "source": "devbox-search",
      "version": "1.16.0",
      "systems": {
        "aarch64-darwin": {
          "outputs": [
            {
              "name": "out",
              "path": "/nix/store/kb4gfm77p2xn4bwq77m07b8jjyy9afn1-crossplane-cli-1.16.0",
              "default": true
            }
          ],
          "store_path": "/nix/store/kb4gfm77p2xn4bwq77m07b8jjyy9afn1-crossplane-cli-1.16.0"
        },
        "aarch64-linux": {
          "outputs": [
            {
              "name": "out",
              "path": "/nix/store/bww5dswspk7lm6gq513dpmyhi5xxgd4x-crossplane-cli-1.16.0",
              "default": true
            }
          ],
          "store_path": "/nix/store/bww5dswspk7lm6gq513dpmyhi5xxgd4x-crossplane-cli-1.16.0"
        },
        "x86_64-darwin": {
          "outputs": [
            {
              "name": "out",
              "path": "/nix/store/f0alvvrqvs60hmpj866gdfgj47mr2gyw-crossplane-cli-1.16.0",
              "default": true
            }
          ],
          "store_path": "/nix/store/f0alvvrqvs60hmpj866gdfgj47mr2gyw-crossplane-cli-1.16.0"
        },
        "x86_64-linux": {
          "outputs": [
            {
              "name": "out",
              "path": "/nix/store/jmjhqxy3q8bvgd4h1h25jgl3mv7ndwqx-crossplane-cli-1.16.0",
              "default": true
            }
          ],
          "store_path": "/nix/store/jmjhqxy3q8bvgd4h1h25jgl3mv7ndwqx-crossplane-cli-1.16.0"
        }
      }
    },
    "envsubst@latest": {
      "last_modified": "2024-07-07T07:43:47Z",
      "resolved": "github:NixOS/nixpkgs/b60793b86201040d9dee019a05089a9150d08b5b#envsubst",
      "source": "devbox-search",
      "version": "1.4.2",
      "systems": {
        "aarch64-darwin": {
          "outputs": [
            {
              "name": "out",
              "path": "/nix/store/shbpgijq30463mwd130v8ps5r3srwrhl-envsubst-1.4.2",
              "default": true
            }
          ],
          "store_path": "/nix/store/shbpgijq30463mwd130v8ps5r3srwrhl-envsubst-1.4.2"
        },
        "aarch64-linux": {
          "outputs": [
            {
              "name": "out",
              "path": "/nix/store/wq0z5swg3yhnmh9i7wjwp9nlhb5vlvvf-envsubst-1.4.2",
              "default": true
            }
          ],
          "store_path": "/nix/store/wq0z5swg3yhnmh9i7wjwp9nlhb5vlvvf-envsubst-1.4.2"
        },
        "x86_64-darwin": {
          "outputs": [
            {
              "name": "out",
              "path": "/nix/store/5f9ywjnpxawwjv1rsw757jjjkhby0pkr-envsubst-1.4.2",
              "default": true
            }
          ],
          "store_path": "/nix/store/5f9ywjnpxawwjv1rsw757jjjkhby0pkr-envsubst-1.4.2"
        },
        "x86_64-linux": {
          "outputs": [
            {
              "name": "out",
              "path": "/nix/store/0bvggbkrg2gagl6agx481npzs9fqhxh9-envsubst-1.4.2",
              "default": true
            }
          ],
          "store_path": "/nix/store/0bvggbkrg2gagl6agx481npzs9fqhxh9-envsubst-1.4.2"
        }
      }
    },
    "gum@latest": {
      "last_modified": "2024-07-26T05:01:57Z",
      "resolved": "github:NixOS/nixpkgs/733453ac54a40997a6a690b60f3942d79560247c#gum",
      "source": "devbox-search",
      "version": "0.14.3",
      "systems": {
        "aarch64-darwin": {
          "outputs": [
            {
              "name": "out",
              "path": "/nix/store/0lblkbpvg8iqrmb0wqgir9lg2gvyq6p9-gum-0.14.3",
              "default": true
            }
          ],
          "store_path": "/nix/store/0lblkbpvg8iqrmb0wqgir9lg2gvyq6p9-gum-0.14.3"
        },
        "aarch64-linux": {
          "outputs": [
            {
              "name": "out",
              "path": "/nix/store/crpvrznv136kzgxki8j34iy3nvkvkx5l-gum-0.14.3",
              "default": true
            }
          ],
          "store_path": "/nix/store/crpvrznv136kzgxki8j34iy3nvkvkx5l-gum-0.14.3"
        },
        "x86_64-darwin": {
          "outputs": [
            {
              "name": "out",
              "path": "/nix/store/ddzn78h6b8dp3b4sv65w75b4c4dcxsbi-gum-0.14.3",
              "default": true
            }
          ],
          "store_path": "/nix/store/ddzn78h6b8dp3b4sv65w75b4c4dcxsbi-gum-0.14.3"
        },
        "x86_64-linux": {
          "outputs": [
            {
              "name": "out",
              "path": "/nix/store/1m4zj4xhcq32gsh6nlfq5bhc12rabkin-gum-0.14.3",
              "default": true
            }
          ],
          "store_path": "/nix/store/1m4zj4xhcq32gsh6nlfq5bhc12rabkin-gum-0.14.3"
        }
      }
    },
    "jq@latest": {
      "last_modified": "2024-07-27T09:52:18Z",
      "resolved": "github:NixOS/nixpkgs/e36e9f57337d0ff0cf77aceb58af4c805472bfae#jq",
      "source": "devbox-search",
      "version": "1.7.1",
      "systems": {
        "aarch64-darwin": {
          "outputs": [
            {
              "name": "bin",
              "path": "/nix/store/d9wxqi1f75zarf9wbiwlli3n0nbqhjd7-jq-1.7.1-bin",
              "default": true
            },
            {
              "name": "man",
              "path": "/nix/store/p0cvcl9a2qxgvlbsmmx26blr9h6k9kwz-jq-1.7.1-man",
              "default": true
            },
            {
              "name": "out",
              "path": "/nix/store/p08mdq0qx0l3yzpnh17ll9dc47bwnvsv-jq-1.7.1"
            },
            {
              "name": "dev",
              "path": "/nix/store/0hz6vhnzw7mfiw3w20cnzq36c2y27n2f-jq-1.7.1-dev"
            },
            {
              "name": "doc",
              "path": "/nix/store/9br49dwjvgdgj0x31c4pv4rq1canwa60-jq-1.7.1-doc"
            },
            {
              "name": "lib",
              "path": "/nix/store/6cd405yg737s18blzgvqzgyw96fl1x0p-jq-1.7.1-lib"
            }
          ],
          "store_path": "/nix/store/d9wxqi1f75zarf9wbiwlli3n0nbqhjd7-jq-1.7.1-bin"
        },
        "aarch64-linux": {
          "outputs": [
            {
              "name": "bin",
              "path": "/nix/store/hd0ngywgcjbn6jnmcnvm0d4lmg0s99l0-jq-1.7.1-bin",
              "default": true
            },
            {
              "name": "man",
              "path": "/nix/store/s4v2nw498ck1rwx2j90gks1ydix9ha3q-jq-1.7.1-man",
              "default": true
            },
            {
              "name": "out",
              "path": "/nix/store/fz0dc5yykkk2lh8d9kndsywqwl68aiy2-jq-1.7.1"
            },
            {
              "name": "dev",
              "path": "/nix/store/w9h3rnm5cgzj90xhbg4p8ki4ns8s0ikl-jq-1.7.1-dev"
            },
            {
              "name": "doc",
              "path": "/nix/store/a0c7dharmysjskkgp0zfkqp3z175b5pg-jq-1.7.1-doc"
            },
            {
              "name": "lib",
              "path": "/nix/store/pp2063qjgqik7k5d6iwwpc8wn52jbick-jq-1.7.1-lib"
            }
          ],
          "store_path": "/nix/store/hd0ngywgcjbn6jnmcnvm0d4lmg0s99l0-jq-1.7.1-bin"
        },
        "x86_64-darwin": {
          "outputs": [
            {
              "name": "bin",
              "path": "/nix/store/kwkps100pvk6s8is34bqp1ycydbn2v7a-jq-1.7.1-bin",
              "default": true
            },
            {
              "name": "man",
              "path": "/nix/store/x46yqlsn1357pcpm7nvbrs863aak2pyb-jq-1.7.1-man",
              "default": true
            },
            {
              "name": "dev",
              "path": "/nix/store/69z4pdr45l1ixix3bjnfyfy1wqfshmby-jq-1.7.1-dev"
            },
            {
              "name": "doc",
              "path": "/nix/store/6qlmlhii37fxxc36c54z5jb3xqjk2fp8-jq-1.7.1-doc"
            },
            {
              "name": "lib",
              "path": "/nix/store/61l4nqvpfpx7ilk9xdjbn2y8knk72kv4-jq-1.7.1-lib"
            },
            {
              "name": "out",
              "path": "/nix/store/5pl3gvxdjpvig6cvv77fzg8asaalx07d-jq-1.7.1"
            }
          ],
          "store_path": "/nix/store/kwkps100pvk6s8is34bqp1ycydbn2v7a-jq-1.7.1-bin"
        },
        "x86_64-linux": {
          "outputs": [
            {
              "name": "bin",
              "path": "/nix/store/axpqa3f5l63mc38h11x1gc5cykw8bn5i-jq-1.7.1-bin",
              "default": true
            },
            {
              "name": "man",
              "path": "/nix/store/wfmw87vqkz2xifc9sb0gvnad1l73qk6v-jq-1.7.1-man",
              "default": true
            },
            {
              "name": "doc",
              "path": "/nix/store/7nx4qp08rd6f92iw377lzrvdhpzslrvy-jq-1.7.1-doc"
            },
            {
              "name": "lib",
              "path": "/nix/store/133fxjd0mqf8x720c2a8cp9175ma0n9x-jq-1.7.1-lib"
            },
            {
              "name": "out",
              "path": "/nix/store/iw31k4crvrhmgykdxy0dyz632h2jhzkz-jq-1.7.1"
            },
            {
              "name": "dev",
              "path": "/nix/store/nnawicd7asp8mn0gsp8j0gxd81y1jasr-jq-1.7.1-dev"
            }
          ],
          "store_path": "/nix/store/axpqa3f5l63mc38h11x1gc5cykw8bn5i-jq-1.7.1-bin"
        }
      }
    },
    "just@1.29.1": {
      "last_modified": "2024-07-07T07:43:47Z",
      "resolved": "github:NixOS/nixpkgs/b60793b86201040d9dee019a05089a9150d08b5b#just",
      "source": "devbox-search",
      "version": "1.29.1",
      "systems": {
        "aarch64-darwin": {
          "outputs": [
            {
              "name": "out",
              "path": "/nix/store/w24rcsn0db8p00sjyjzi21626y9s53az-just-1.29.1",
              "default": true
            },
            {
              "name": "man",
              "path": "/nix/store/qxd6gzmzhh6c14md3kipyq4pyhivw421-just-1.29.1-man",
              "default": true
            },
            {
              "name": "doc",
              "path": "/nix/store/sisbkkwwgywpiqcancmpizj9hk46n922-just-1.29.1-doc"
            }
          ],
          "store_path": "/nix/store/w24rcsn0db8p00sjyjzi21626y9s53az-just-1.29.1"
        },
        "aarch64-linux": {
          "outputs": [
            {
              "name": "out",
              "path": "/nix/store/fbgfzscas7zq07xf1cjxw62znv5andr5-just-1.29.1",
              "default": true
            },
            {
              "name": "man",
              "path": "/nix/store/c47lmb6w5i5z0y8m67xsmikdhnxxfidi-just-1.29.1-man",
              "default": true
            },
            {
              "name": "doc",
              "path": "/nix/store/my416cmzhn6s2rnb4mcbc80zddzbpaaw-just-1.29.1-doc"
            }
          ],
          "store_path": "/nix/store/fbgfzscas7zq07xf1cjxw62znv5andr5-just-1.29.1"
        },
        "x86_64-darwin": {
          "outputs": [
            {
              "name": "out",
              "path": "/nix/store/d4drflhnscp4yl8h7r4r0x3znjycpxr1-just-1.29.1",
              "default": true
            },
            {
              "name": "man",
              "path": "/nix/store/8j55g32sywrlmyswgg7q87cz2i55cb05-just-1.29.1-man",
              "default": true
            },
            {
              "name": "doc",
              "path": "/nix/store/i74mjjcqivrblmn6d50qka8q8yy4zaks-just-1.29.1-doc"
            }
          ],
          "store_path": "/nix/store/d4drflhnscp4yl8h7r4r0x3znjycpxr1-just-1.29.1"
        },
        "x86_64-linux": {
          "outputs": [
            {
              "name": "out",
              "path": "/nix/store/kj521i043g6pmx6nqckygg5z8wk5h90c-just-1.29.1",
              "default": true
            },
            {
              "name": "man",
              "path": "/nix/store/jrrn47bamc0fwng81jxdz4qrjfrr8wzz-just-1.29.1-man",
              "default": true
            },
            {
              "name": "doc",
              "path": "/nix/store/01cmjzkvml7jgx5rsj84rgxshnfnfp2p-just-1.29.1-doc"
            }
          ],
          "store_path": "/nix/store/kj521i043g6pmx6nqckygg5z8wk5h90c-just-1.29.1"
        }
      }
    },
    "kubectl@1.30.2": {
      "last_modified": "2024-07-07T07:43:47Z",
      "resolved": "github:NixOS/nixpkgs/b60793b86201040d9dee019a05089a9150d08b5b#kubectl",
      "source": "devbox-search",
      "version": "1.30.2",
      "systems": {
        "aarch64-darwin": {
          "outputs": [
            {
              "name": "out",
              "path": "/nix/store/i1zidf41bkfzs2l1pq9fi1frymsfgywc-kubectl-1.30.2",
              "default": true
            },
            {
              "name": "man",
              "path": "/nix/store/dzxnn9mk9plcx3w9862jyd0nxys2yywz-kubectl-1.30.2-man",
              "default": true
            },
            {
              "name": "convert",
              "path": "/nix/store/v9ij5fnxxa02jkzpjvkbxw2jc4p9cbld-kubectl-1.30.2-convert"
            }
          ],
          "store_path": "/nix/store/i1zidf41bkfzs2l1pq9fi1frymsfgywc-kubectl-1.30.2"
        },
        "aarch64-linux": {
          "outputs": [
            {
              "name": "out",
              "path": "/nix/store/k7ql4247qs6ny27m3iz5c9xf5gb248a2-kubectl-1.30.2",
              "default": true
            },
            {
              "name": "man",
              "path": "/nix/store/wy64r4nn3isydw4nx257h95qy2x2z4mx-kubectl-1.30.2-man",
              "default": true
            },
            {
              "name": "convert",
              "path": "/nix/store/ic8za302hvb4kf4zrs55ivr4q2n2lznn-kubectl-1.30.2-convert"
            }
          ],
          "store_path": "/nix/store/k7ql4247qs6ny27m3iz5c9xf5gb248a2-kubectl-1.30.2"
        },
        "x86_64-darwin": {
          "outputs": [
            {
              "name": "out",
              "path": "/nix/store/v029n959l5b289br0cq591b04yc48516-kubectl-1.30.2",
              "default": true
            },
            {
              "name": "man",
              "path": "/nix/store/0dvcxn7gsi2ycy9blb7pcy506w4xp2vi-kubectl-1.30.2-man",
              "default": true
            },
            {
              "name": "convert",
              "path": "/nix/store/2nfq4ivwa4a7jwc0183f2wpl1jxbn754-kubectl-1.30.2-convert"
            }
          ],
          "store_path": "/nix/store/v029n959l5b289br0cq591b04yc48516-kubectl-1.30.2"
        },
        "x86_64-linux": {
          "outputs": [
            {
              "name": "out",
              "path": "/nix/store/3vkf0406s1i6l89hk5wrakh4bbn0p1p2-kubectl-1.30.2",
              "default": true
            },
            {
              "name": "man",
              "path": "/nix/store/3wbvgkkka1knkxvyr4c8qbpr448smw8i-kubectl-1.30.2-man",
              "default": true
            },
            {
              "name": "convert",
              "path": "/nix/store/h5zxz8db6wligwhw5gnwk4gbc8j1ixik-kubectl-1.30.2-convert"
            }
          ],
          "store_path": "/nix/store/3vkf0406s1i6l89hk5wrakh4bbn0p1p2-kubectl-1.30.2"
        }
      }
    },
    "kubernetes-helm@3.15.2": {
      "last_modified": "2024-07-07T07:43:47Z",
      "resolved": "github:NixOS/nixpkgs/b60793b86201040d9dee019a05089a9150d08b5b#kubernetes-helm",
      "source": "devbox-search",
      "version": "3.15.2",
      "systems": {
        "aarch64-darwin": {
          "outputs": [
            {
              "name": "out",
              "path": "/nix/store/svgmhkl47asx8r999aiv8db9gc79mn09-kubernetes-helm-3.15.2",
              "default": true
            }
          ],
          "store_path": "/nix/store/svgmhkl47asx8r999aiv8db9gc79mn09-kubernetes-helm-3.15.2"
        },
        "aarch64-linux": {
          "outputs": [
            {
              "name": "out",
              "path": "/nix/store/zg9a8pk65mp7gy645j408lck3psc1m45-kubernetes-helm-3.15.2",
              "default": true
            }
          ],
          "store_path": "/nix/store/zg9a8pk65mp7gy645j408lck3psc1m45-kubernetes-helm-3.15.2"
        },
        "x86_64-darwin": {
          "outputs": [
            {
              "name": "out",
              "path": "/nix/store/dnpl9y8vwxx130hg8i5s7zigcpq6a67i-kubernetes-helm-3.15.2",
              "default": true
            }
          ],
          "store_path": "/nix/store/dnpl9y8vwxx130hg8i5s7zigcpq6a67i-kubernetes-helm-3.15.2"
        },
        "x86_64-linux": {
          "outputs": [
            {
              "name": "out",
              "path": "/nix/store/p0hahjjjvnixs864zsfd3cn9k586wca3-kubernetes-helm-3.15.2",
              "default": true
            }
          ],
          "store_path": "/nix/store/p0hahjjjvnixs864zsfd3cn9k586wca3-kubernetes-helm-3.15.2"
        }
      }
    },
    "kyverno-chainsaw@0.2.3": {
      "last_modified": "2024-06-12T20:55:33Z",
      "resolved": "github:NixOS/nixpkgs/a9858885e197f984d92d7fe64e9fff6b2e488d40#kyverno-chainsaw",
      "source": "devbox-search",
      "version": "0.2.3",
      "systems": {
        "aarch64-darwin": {
          "outputs": [
            {
              "name": "out",
              "path": "/nix/store/kfq3cnk264nfx26s99d0ps6szpp98985-kyverno-chainsaw-0.2.3",
              "default": true
            }
          ],
          "store_path": "/nix/store/kfq3cnk264nfx26s99d0ps6szpp98985-kyverno-chainsaw-0.2.3"
        },
        "aarch64-linux": {
          "outputs": [
            {
              "name": "out",
              "path": "/nix/store/cgismmzrmnr2ls8nadq2pnx6yb90amk2-kyverno-chainsaw-0.2.3",
              "default": true
            }
          ],
          "store_path": "/nix/store/cgismmzrmnr2ls8nadq2pnx6yb90amk2-kyverno-chainsaw-0.2.3"
        },
        "x86_64-darwin": {
          "outputs": [
            {
              "name": "out",
              "path": "/nix/store/sij31z5g617p7mhyi9rimj7jdhjzircy-kyverno-chainsaw-0.2.3",
              "default": true
            }
          ],
          "store_path": "/nix/store/sij31z5g617p7mhyi9rimj7jdhjzircy-kyverno-chainsaw-0.2.3"
        },
        "x86_64-linux": {
          "outputs": [
            {
              "name": "out",
              "path": "/nix/store/p0h1mc9d5anw28rihmqnqgv4djswm9iz-kyverno-chainsaw-0.2.3",
              "default": true
            }
          ],
          "store_path": "/nix/store/p0h1mc9d5anw28rihmqnqgv4djswm9iz-kyverno-chainsaw-0.2.3"
        }
      }
    }
  }
}
